{
  "name": "js-x-ray",
  "version": "1.0.0",
  "lockfileVersion": 3,
  "requires": true,
  "packages": {
    "": {
      "name": "js-x-ray",
      "version": "1.0.0",
      "license": "ISC",
      "dependencies": {
        "@nodesecure/js-x-ray": "^6.1.1"
      }
    },
    "node_modules/@nodesecure/estree-ast-utils": {
      "version": "1.3.1",
      "resolved": "https://registry.npmjs.org/@nodesecure/estree-ast-utils/-/estree-ast-utils-1.3.1.tgz",
      "integrity": "sha512-UiCBBrLiD6Q7Yb2OyVt4Ohse17+2gGgI1dnTnrrMi6EAcnJmodkRA6iFT8QLB+LmSfxo7NUSPPFvhGYnJ0sVRw==",
      "dependencies": {
        "@nodesecure/sec-literal": "^1.1.0"
      }
    },
    "node_modules/@nodesecure/js-x-ray": {
      "version": "6.1.1",
      "resolved": "https://registry.npmjs.org/@nodesecure/js-x-ray/-/js-x-ray-6.1.1.tgz",
      "integrity": "sha512-M6ArxA43fWnoy6DTLLKu50I2M8LnDOkX4Np3O4Hx/BPOTfvqJl6DzV66DzoxWyltKtrqoE6tA+4FbV9WVV3Z2g==",
      "dependencies": {
        "@nodesecure/estree-ast-utils": "^1.3.1",
        "@nodesecure/sec-literal": "^1.2.0",
        "estree-walker": "^3.0.1",
        "is-minified-code": "^2.0.0",
        "meriyah": "^4.3.3",
        "safe-regex": "^2.1.1"
      },
      "engines": {
        "node": "^12.20.0 || ^14.13.1 || >=16.0.0"
      }
    },
    "node_modules/@nodesecure/sec-literal": {
      "version": "1.2.0",
      "resolved": "https://registry.npmjs.org/@nodesecure/sec-literal/-/sec-literal-1.2.0.tgz",
      "integrity": "sha512-LGgJmBtnIVHwjZ1QA62YyDvPysdYvGcGn6/JADjY23snTNZS+D9JrkxnChggoNDYj3/GtjutbY/cSlLXEcUJRw==",
      "dependencies": {
        "frequency-set": "^1.0.2",
        "is-base64": "^1.1.0",
        "is-svg": "^4.3.2",
        "string-width": "^5.1.2"
      }
    },
    "node_modules/@types/estree": {
      "version": "1.0.1",
      "resolved": "https://registry.npmjs.org/@types/estree/-/estree-1.0.1.tgz",
      "integrity": "sha512-LG4opVs2ANWZ1TJoKc937iMmNstM/d0ae1vNbnBvBhqCSezgVUOzcLCqbI5elV8Vy6WKwKjaqR+zO9VKirBBCA=="
    },
    "node_modules/ansi-regex": {
      "version": "6.0.1",
      "resolved": "https://registry.npmjs.org/ansi-regex/-/ansi-regex-6.0.1.tgz",
      "integrity": "sha512-n5M855fKb2SsfMIiFFoVrABHJC8QtHwVx+mHWP3QcEqBHYienj5dHSgjbxtC0WEZXYt4wcD6zrQElDPhFuZgfA==",
      "engines": {
        "node": ">=12"
      },
      "funding": {
        "url": "https://github.com/chalk/ansi-regex?sponsor=1"
      }
    },
    "node_modules/eastasianwidth": {
      "version": "0.2.0",
      "resolved": "https://registry.npmjs.org/eastasianwidth/-/eastasianwidth-0.2.0.tgz",
      "integrity": "sha512-I88TYZWc9XiYHRQ4/3c5rjjfgkjhLyW2luGIheGERbNQ6OY7yTybanSpDXZa8y7VUP9YmDcYa+eyq4ca7iLqWA=="
    },
    "node_modules/emoji-regex": {
      "version": "9.2.2",
      "resolved": "https://registry.npmjs.org/emoji-regex/-/emoji-regex-9.2.2.tgz",
      "integrity": "sha512-L18DaJsXSUk2+42pv8mLs5jJT2hqFkFE4j21wOmgbUqsZ2hL72NsUU785g9RXgo3s0ZNgVl42TiHp3ZtOv/Vyg=="
    },
    "node_modules/estree-walker": {
      "version": "3.0.3",
      "resolved": "https://registry.npmjs.org/estree-walker/-/estree-walker-3.0.3.tgz",
      "integrity": "sha512-7RUKfXgSMMkzt6ZuXmqapOurLGPPfgj6l9uRZ7lRGolvk0y2yocc35LdcxKC5PQZdn2DMqioAQ2NoWcrTKmm6g==",
      "dependencies": {
        "@types/estree": "^1.0.0"
      }
    },
    "node_modules/fast-xml-parser": {
      "version": "4.2.6",
      "resolved": "https://registry.npmjs.org/fast-xml-parser/-/fast-xml-parser-4.2.6.tgz",
      "integrity": "sha512-Xo1qV++h/Y3Ng8dphjahnYe+rGHaaNdsYOBWL9Y9GCPKpNKilJtilvWkLcI9f9X2DoKTLsZsGYAls5+JL5jfLA==",
      "funding": [
        {
          "type": "paypal",
          "url": "https://paypal.me/naturalintelligence"
        },
        {
          "type": "github",
          "url": "https://github.com/sponsors/NaturalIntelligence"
        }
      ],
      "dependencies": {
        "strnum": "^1.0.5"
      },
      "bin": {
        "fxparser": "src/cli/cli.js"
      }
    },
    "node_modules/frequency-set": {
      "version": "1.0.2",
      "resolved": "https://registry.npmjs.org/frequency-set/-/frequency-set-1.0.2.tgz",
      "integrity": "sha512-Qip6vS0fY/et08sZXumws05weoYvj2ZLkBq3xIwFDFLg8v5IMQiRa+P30tXL0CU6DiYUPLuN3HyRcwW6yWPdeA=="
    },
    "node_modules/is-base64": {
      "version": "1.1.0",
      "resolved": "https://registry.npmjs.org/is-base64/-/is-base64-1.1.0.tgz",
      "integrity": "sha512-Nlhg7Z2dVC4/PTvIFkgVVNvPHSO2eR/Yd0XzhGiXCXEvWnptXlXa/clQ8aePPiMuxEGcWfzWbGw2Fe3d+Y3v1g==",
      "bin": {
        "is_base64": "bin/is-base64",
        "is-base64": "bin/is-base64"
      }
    },
    "node_modules/is-minified-code": {
      "version": "2.0.0",
      "resolved": "https://registry.npmjs.org/is-minified-code/-/is-minified-code-2.0.0.tgz",
      "integrity": "sha512-I1BHmOxm7owypunUWnYx2Ggdhg3lzdyJXLepi8NuR/IsvgVgkwjLj+12iYAGUklu0Xvy3nXGcDSKGbE0Q0Nkag=="
    },
    "node_modules/is-svg": {
      "version": "4.4.0",
      "resolved": "https://registry.npmjs.org/is-svg/-/is-svg-4.4.0.tgz",
      "integrity": "sha512-v+AgVwiK5DsGtT9ng+m4mClp6zDAmwrW8nZi6Gg15qzvBnRWWdfWA1TGaXyCDnWq5g5asofIgMVl3PjKxvk1ug==",
      "dependencies": {
        "fast-xml-parser": "^4.1.3"
      },
      "engines": {
        "node": ">=6"
      },
      "funding": {
        "url": "https://github.com/sponsors/sindresorhus"
      }
    },
    "node_modules/meriyah": {
      "version": "4.3.7",
      "resolved": "https://registry.npmjs.org/meriyah/-/meriyah-4.3.7.tgz",
      "integrity": "sha512-JAlSOUqFU/rmLy2CEdZO5hN5E5dyUj1f4AlRR4GCQMjfobvd5lcm9JLkrqq0MgVaLQ/Zur590A+0RyUZhj0b5A==",
      "engines": {
        "node": ">=10.4.0"
      }
    },
    "node_modules/regexp-tree": {
      "version": "0.1.27",
      "resolved": "https://registry.npmjs.org/regexp-tree/-/regexp-tree-0.1.27.tgz",
      "integrity": "sha512-iETxpjK6YoRWJG5o6hXLwvjYAoW+FEZn9os0PD/b6AP6xQwsa/Y7lCVgIixBbUPMfhu+i2LtdeAqVTgGlQarfA==",
      "bin": {
        "regexp-tree": "bin/regexp-tree"
      }
    },
    "node_modules/safe-regex": {
      "version": "2.1.1",
      "resolved": "https://registry.npmjs.org/safe-regex/-/safe-regex-2.1.1.tgz",
      "integrity": "sha512-rx+x8AMzKb5Q5lQ95Zoi6ZbJqwCLkqi3XuJXp5P3rT8OEc6sZCJG5AE5dU3lsgRr/F4Bs31jSlVN+j5KrsGu9A==",
      "dependencies": {
        "regexp-tree": "~0.1.1"
      }
    },
    "node_modules/string-width": {
      "version": "5.1.2",
      "resolved": "https://registry.npmjs.org/string-width/-/string-width-5.1.2.tgz",
      "integrity": "sha512-HnLOCR3vjcY8beoNLtcjZ5/nxn2afmME6lhrDrebokqMap+XbeW8n9TXpPDOqdGK5qcI3oT0GKTW6wC7EMiVqA==",
      "dependencies": {
        "eastasianwidth": "^0.2.0",
        "emoji-regex": "^9.2.2",
        "strip-ansi": "^7.0.1"
      },
      "engines": {
        "node": ">=12"
      },
      "funding": {
        "url": "https://github.com/sponsors/sindresorhus"
      }
    },
    "node_modules/strip-ansi": {
      "version": "7.1.0",
      "resolved": "https://registry.npmjs.org/strip-ansi/-/strip-ansi-7.1.0.tgz",
      "integrity": "sha512-iq6eVVI64nQQTRYq2KtEg2d2uU7LElhTJwsH4YzIHZshxlgZms/wIc4VoDQTlG/IvVIrBKG06CrZnp0qv7hkcQ==",
      "dependencies": {
        "ansi-regex": "^6.0.1"
      },
      "engines": {
        "node": ">=12"
      },
      "funding": {
        "url": "https://github.com/chalk/strip-ansi?sponsor=1"
      }
    },
    "node_modules/strnum": {
      "version": "1.0.5",
      "resolved": "https://registry.npmjs.org/strnum/-/strnum-1.0.5.tgz",
      "integrity": "sha512-J8bbNyKKXl5qYcR36TIO8W3mVGVHrmmxsd5PAItGkmyzwJvybiw2IVq5nqd0i4LSNSkB/sx9VHllbfFdr9k1JA=="
    }
  }
}
